// !$*UTF8*$!
{
	archiveVersion = 1;
	classes = {
	};
	objectVersion = 51;
	objects = {

/* Begin PBXBuildFile section */
		2038DAAECF9813F8E17797DB /* Pods_marvelapp.framework in Frameworks */ = {isa = PBXBuildFile; fileRef = C1D0F4685E0355E458B1D27C /* Pods_marvelapp.framework */; };
		9D1D0FAC26E27E59008DF2CA /* EventCharacterConfigurations.swift in Sources */ = {isa = PBXBuildFile; fileRef = 9D1D0FAB26E27E59008DF2CA /* EventCharacterConfigurations.swift */; };
		9D1D0FF926E29F9D008DF2CA /* Date+Extension.swift in Sources */ = {isa = PBXBuildFile; fileRef = 9D1D0FF826E29F9D008DF2CA /* Date+Extension.swift */; };
		9D1D0FFD26E2A606008DF2CA /* Event.swift in Sources */ = {isa = PBXBuildFile; fileRef = 9D1D0FFC26E2A605008DF2CA /* Event.swift */; };
		9D1D100026E2AB22008DF2CA /* EventsViewModel.swift in Sources */ = {isa = PBXBuildFile; fileRef = 9D1D0FFF26E2AB22008DF2CA /* EventsViewModel.swift */; };
		9D1D102326E3CE8C008DF2CA /* EventDetailViewController.swift in Sources */ = {isa = PBXBuildFile; fileRef = 9D1D102126E3CE8C008DF2CA /* EventDetailViewController.swift */; };
		9D1D102426E3CE8C008DF2CA /* EventDetailViewController.xib in Resources */ = {isa = PBXBuildFile; fileRef = 9D1D102226E3CE8C008DF2CA /* EventDetailViewController.xib */; };
		9D1D102826E3D6AB008DF2CA /* EventDetailViewModel.swift in Sources */ = {isa = PBXBuildFile; fileRef = 9D1D102726E3D6AB008DF2CA /* EventDetailViewModel.swift */; };
		9D1D102F26E3F27D008DF2CA /* LogOutViewController.swift in Sources */ = {isa = PBXBuildFile; fileRef = 9D1D102D26E3F27D008DF2CA /* LogOutViewController.swift */; };
		9D1D103026E3F27D008DF2CA /* LogOutViewController.xib in Resources */ = {isa = PBXBuildFile; fileRef = 9D1D102E26E3F27D008DF2CA /* LogOutViewController.xib */; };
		9D307F7926DE78EE006C1EC5 /* CharacterCell.swift in Sources */ = {isa = PBXBuildFile; fileRef = 9D307F7726DE78EE006C1EC5 /* CharacterCell.swift */; };
		9D307F7A26DE78EE006C1EC5 /* CharacterCell.xib in Resources */ = {isa = PBXBuildFile; fileRef = 9D307F7826DE78EE006C1EC5 /* CharacterCell.xib */; };
		9D307F7D26DE8B05006C1EC5 /* CharactersViewModel.swift in Sources */ = {isa = PBXBuildFile; fileRef = 9D307F7C26DE8B05006C1EC5 /* CharactersViewModel.swift */; };
		9D307F8326DE8D92006C1EC5 /* CellConfiguration.swift in Sources */ = {isa = PBXBuildFile; fileRef = 9D307F8226DE8D92006C1EC5 /* CellConfiguration.swift */; };
		9D307FB826DEB88F006C1EC5 /* DataManager.swift in Sources */ = {isa = PBXBuildFile; fileRef = 9D307FB726DEB88F006C1EC5 /* DataManager.swift */; };
		9D4E9CA226DFB1AD00E97AA1 /* MarvelAPI.swift in Sources */ = {isa = PBXBuildFile; fileRef = 9D4E9CA126DFB1AD00E97AA1 /* MarvelAPI.swift */; };
		9D4E9CBB26DFC11500E97AA1 /* Character.swift in Sources */ = {isa = PBXBuildFile; fileRef = 9D4E9CBA26DFC11500E97AA1 /* Character.swift */; };
		9D4E9CBE26DFC79600E97AA1 /* Image.swift in Sources */ = {isa = PBXBuildFile; fileRef = 9D4E9CBD26DFC79600E97AA1 /* Image.swift */; };
		9D4E9CC426E01B2000E97AA1 /* MarvelResponse.swift in Sources */ = {isa = PBXBuildFile; fileRef = 9D4E9CC326E01B2000E97AA1 /* MarvelResponse.swift */; };
		9D4E9CC826E027A400E97AA1 /* md5.swift in Sources */ = {isa = PBXBuildFile; fileRef = 9D4E9CC726E027A400E97AA1 /* md5.swift */; };
		9D4E9CCB26E027EF00E97AA1 /* URLQueryItemEncoder.swift in Sources */ = {isa = PBXBuildFile; fileRef = 9D4E9CCA26E027EF00E97AA1 /* URLQueryItemEncoder.swift */; };
		9D4E9CCE26E0281800E97AA1 /* HTTPParameter.swift in Sources */ = {isa = PBXBuildFile; fileRef = 9D4E9CCD26E0281800E97AA1 /* HTTPParameter.swift */; };
		9D4E9CD126E0287D00E97AA1 /* MarvelAPIClient.swift in Sources */ = {isa = PBXBuildFile; fileRef = 9D4E9CD026E0287D00E97AA1 /* MarvelAPIClient.swift */; };
		9D4E9CD426E0F71E00E97AA1 /* ViewControllerFactory.swift in Sources */ = {isa = PBXBuildFile; fileRef = 9D4E9CD326E0F71E00E97AA1 /* ViewControllerFactory.swift */; };
		9D4E9CD826E109D700E97AA1 /* Extension+UIImageView.swift in Sources */ = {isa = PBXBuildFile; fileRef = 9D4E9CD726E109D700E97AA1 /* Extension+UIImageView.swift */; };
		9D6D822826DBFC1800509AE3 /* AppDelegate.swift in Sources */ = {isa = PBXBuildFile; fileRef = 9D6D822726DBFC1800509AE3 /* AppDelegate.swift */; };
		9D6D822A26DBFC1800509AE3 /* SceneDelegate.swift in Sources */ = {isa = PBXBuildFile; fileRef = 9D6D822926DBFC1800509AE3 /* SceneDelegate.swift */; };
		9D6D822C26DBFC1800509AE3 /* LoginViewController.swift in Sources */ = {isa = PBXBuildFile; fileRef = 9D6D822B26DBFC1800509AE3 /* LoginViewController.swift */; };
		9D6D822F26DBFC1800509AE3 /* Main.storyboard in Resources */ = {isa = PBXBuildFile; fileRef = 9D6D822D26DBFC1800509AE3 /* Main.storyboard */; };
		9D6D823126DBFC1900509AE3 /* Assets.xcassets in Resources */ = {isa = PBXBuildFile; fileRef = 9D6D823026DBFC1900509AE3 /* Assets.xcassets */; };
		9D6D823426DBFC1900509AE3 /* LaunchScreen.storyboard in Resources */ = {isa = PBXBuildFile; fileRef = 9D6D823226DBFC1900509AE3 /* LaunchScreen.storyboard */; };
		9D6D823E26DBFDB600509AE3 /* GoogleService-Info.plist in Resources */ = {isa = PBXBuildFile; fileRef = 9D6D823D26DBFDB600509AE3 /* GoogleService-Info.plist */; };
		9D6D829426DC1F0D00509AE3 /* SignUp.swift in Sources */ = {isa = PBXBuildFile; fileRef = 9D6D829326DC1F0D00509AE3 /* SignUp.swift */; };
		9D6D839A26DD8BD700509AE3 /* CharactersViewController.swift in Sources */ = {isa = PBXBuildFile; fileRef = 9D6D839826DD8BD700509AE3 /* CharactersViewController.swift */; };
		9D6D839B26DD8BD700509AE3 /* CharactersViewController.xib in Resources */ = {isa = PBXBuildFile; fileRef = 9D6D839926DD8BD700509AE3 /* CharactersViewController.xib */; };
		9D6D83A026DD8BF300509AE3 /* EventsViewController.swift in Sources */ = {isa = PBXBuildFile; fileRef = 9D6D839E26DD8BF300509AE3 /* EventsViewController.swift */; };
		9D6D83A126DD8BF300509AE3 /* EventsViewController.xib in Resources */ = {isa = PBXBuildFile; fileRef = 9D6D839F26DD8BF300509AE3 /* EventsViewController.xib */; };
		9D6D83A626DD921B00509AE3 /* HomeViewController.swift in Sources */ = {isa = PBXBuildFile; fileRef = 9D6D83A426DD921B00509AE3 /* HomeViewController.swift */; };
		9DBD6BB226E1847800508AC9 /* ScreenSize.swift in Sources */ = {isa = PBXBuildFile; fileRef = 9DBD6BB126E1847800508AC9 /* ScreenSize.swift */; };
		9DBD6BB726E186C100508AC9 /* CharacterDetailViewController.swift in Sources */ = {isa = PBXBuildFile; fileRef = 9DBD6BB526E186C100508AC9 /* CharacterDetailViewController.swift */; };
		9DBD6BB826E186C100508AC9 /* CharacterDetailViewController.xib in Resources */ = {isa = PBXBuildFile; fileRef = 9DBD6BB626E186C100508AC9 /* CharacterDetailViewController.xib */; };
		9DBD6BBB26E186DC00508AC9 /* CharacterDetailViewModel.swift in Sources */ = {isa = PBXBuildFile; fileRef = 9DBD6BBA26E186DC00508AC9 /* CharacterDetailViewModel.swift */; };
		9DBD6BC026E1972300508AC9 /* ComicAppearanceCell.swift in Sources */ = {isa = PBXBuildFile; fileRef = 9DBD6BBE26E1972300508AC9 /* ComicAppearanceCell.swift */; };
		9DBD6BC126E1972300508AC9 /* ComicAppearanceCell.xib in Resources */ = {isa = PBXBuildFile; fileRef = 9DBD6BBF26E1972300508AC9 /* ComicAppearanceCell.xib */; };
		9DBD6BC526E19DE000508AC9 /* Comic.swift in Sources */ = {isa = PBXBuildFile; fileRef = 9DBD6BC426E19DE000508AC9 /* Comic.swift */; };
/* End PBXBuildFile section */

/* Begin PBXFileReference section */
		443AC02D29EFC4F4665F343C /* Pods-marvelapp.release.xcconfig */ = {isa = PBXFileReference; includeInIndex = 1; lastKnownFileType = text.xcconfig; name = "Pods-marvelapp.release.xcconfig"; path = "Target Support Files/Pods-marvelapp/Pods-marvelapp.release.xcconfig"; sourceTree = "<group>"; };
		5301A614DF0FC9E9F5E36448 /* Pods-marvelapp.debug.xcconfig */ = {isa = PBXFileReference; includeInIndex = 1; lastKnownFileType = text.xcconfig; name = "Pods-marvelapp.debug.xcconfig"; path = "Target Support Files/Pods-marvelapp/Pods-marvelapp.debug.xcconfig"; sourceTree = "<group>"; };
		9D1D0FAB26E27E59008DF2CA /* EventCharacterConfigurations.swift */ = {isa = PBXFileReference; lastKnownFileType = sourcecode.swift; path = EventCharacterConfigurations.swift; sourceTree = "<group>"; };
		9D1D0FF826E29F9D008DF2CA /* Date+Extension.swift */ = {isa = PBXFileReference; lastKnownFileType = sourcecode.swift; path = "Date+Extension.swift"; sourceTree = "<group>"; };
		9D1D0FFC26E2A605008DF2CA /* Event.swift */ = {isa = PBXFileReference; lastKnownFileType = sourcecode.swift; path = Event.swift; sourceTree = "<group>"; };
		9D1D0FFF26E2AB22008DF2CA /* EventsViewModel.swift */ = {isa = PBXFileReference; lastKnownFileType = sourcecode.swift; path = EventsViewModel.swift; sourceTree = "<group>"; };
		9D1D102126E3CE8C008DF2CA /* EventDetailViewController.swift */ = {isa = PBXFileReference; lastKnownFileType = sourcecode.swift; path = EventDetailViewController.swift; sourceTree = "<group>"; };
		9D1D102226E3CE8C008DF2CA /* EventDetailViewController.xib */ = {isa = PBXFileReference; lastKnownFileType = file.xib; path = EventDetailViewController.xib; sourceTree = "<group>"; };
		9D1D102726E3D6AB008DF2CA /* EventDetailViewModel.swift */ = {isa = PBXFileReference; lastKnownFileType = sourcecode.swift; path = EventDetailViewModel.swift; sourceTree = "<group>"; };
		9D1D102D26E3F27D008DF2CA /* LogOutViewController.swift */ = {isa = PBXFileReference; lastKnownFileType = sourcecode.swift; path = LogOutViewController.swift; sourceTree = "<group>"; };
		9D1D102E26E3F27D008DF2CA /* LogOutViewController.xib */ = {isa = PBXFileReference; lastKnownFileType = file.xib; path = LogOutViewController.xib; sourceTree = "<group>"; };
		9D307F7726DE78EE006C1EC5 /* CharacterCell.swift */ = {isa = PBXFileReference; lastKnownFileType = sourcecode.swift; path = CharacterCell.swift; sourceTree = "<group>"; };
		9D307F7826DE78EE006C1EC5 /* CharacterCell.xib */ = {isa = PBXFileReference; lastKnownFileType = file.xib; path = CharacterCell.xib; sourceTree = "<group>"; };
		9D307F7C26DE8B05006C1EC5 /* CharactersViewModel.swift */ = {isa = PBXFileReference; lastKnownFileType = sourcecode.swift; path = CharactersViewModel.swift; sourceTree = "<group>"; };
		9D307F8226DE8D92006C1EC5 /* CellConfiguration.swift */ = {isa = PBXFileReference; lastKnownFileType = sourcecode.swift; path = CellConfiguration.swift; sourceTree = "<group>"; };
		9D307FB726DEB88F006C1EC5 /* DataManager.swift */ = {isa = PBXFileReference; lastKnownFileType = sourcecode.swift; path = DataManager.swift; sourceTree = "<group>"; };
		9D4E9CA126DFB1AD00E97AA1 /* MarvelAPI.swift */ = {isa = PBXFileReference; lastKnownFileType = sourcecode.swift; path = MarvelAPI.swift; sourceTree = "<group>"; };
		9D4E9CBA26DFC11500E97AA1 /* Character.swift */ = {isa = PBXFileReference; lastKnownFileType = sourcecode.swift; path = Character.swift; sourceTree = "<group>"; };
		9D4E9CBD26DFC79600E97AA1 /* Image.swift */ = {isa = PBXFileReference; lastKnownFileType = sourcecode.swift; path = Image.swift; sourceTree = "<group>"; };
		9D4E9CC326E01B2000E97AA1 /* MarvelResponse.swift */ = {isa = PBXFileReference; lastKnownFileType = sourcecode.swift; path = MarvelResponse.swift; sourceTree = "<group>"; };
		9D4E9CC726E027A400E97AA1 /* md5.swift */ = {isa = PBXFileReference; lastKnownFileType = sourcecode.swift; path = md5.swift; sourceTree = "<group>"; };
		9D4E9CCA26E027EF00E97AA1 /* URLQueryItemEncoder.swift */ = {isa = PBXFileReference; lastKnownFileType = sourcecode.swift; path = URLQueryItemEncoder.swift; sourceTree = "<group>"; };
		9D4E9CCD26E0281800E97AA1 /* HTTPParameter.swift */ = {isa = PBXFileReference; lastKnownFileType = sourcecode.swift; path = HTTPParameter.swift; sourceTree = "<group>"; };
		9D4E9CD026E0287D00E97AA1 /* MarvelAPIClient.swift */ = {isa = PBXFileReference; lastKnownFileType = sourcecode.swift; path = MarvelAPIClient.swift; sourceTree = "<group>"; };
		9D4E9CD326E0F71E00E97AA1 /* ViewControllerFactory.swift */ = {isa = PBXFileReference; lastKnownFileType = sourcecode.swift; path = ViewControllerFactory.swift; sourceTree = "<group>"; };
		9D4E9CD726E109D700E97AA1 /* Extension+UIImageView.swift */ = {isa = PBXFileReference; lastKnownFileType = sourcecode.swift; path = "Extension+UIImageView.swift"; sourceTree = "<group>"; };
		9D6D822426DBFC1800509AE3 /* marvelapp.app */ = {isa = PBXFileReference; explicitFileType = wrapper.application; includeInIndex = 0; path = marvelapp.app; sourceTree = BUILT_PRODUCTS_DIR; };
		9D6D822726DBFC1800509AE3 /* AppDelegate.swift */ = {isa = PBXFileReference; lastKnownFileType = sourcecode.swift; path = AppDelegate.swift; sourceTree = "<group>"; };
		9D6D822926DBFC1800509AE3 /* SceneDelegate.swift */ = {isa = PBXFileReference; lastKnownFileType = sourcecode.swift; path = SceneDelegate.swift; sourceTree = "<group>"; };
		9D6D822B26DBFC1800509AE3 /* LoginViewController.swift */ = {isa = PBXFileReference; lastKnownFileType = sourcecode.swift; path = LoginViewController.swift; sourceTree = "<group>"; };
		9D6D822E26DBFC1800509AE3 /* Base */ = {isa = PBXFileReference; lastKnownFileType = file.storyboard; name = Base; path = Base.lproj/Main.storyboard; sourceTree = "<group>"; };
		9D6D823026DBFC1900509AE3 /* Assets.xcassets */ = {isa = PBXFileReference; lastKnownFileType = folder.assetcatalog; path = Assets.xcassets; sourceTree = "<group>"; };
		9D6D823326DBFC1900509AE3 /* Base */ = {isa = PBXFileReference; lastKnownFileType = file.storyboard; name = Base; path = Base.lproj/LaunchScreen.storyboard; sourceTree = "<group>"; };
		9D6D823526DBFC1900509AE3 /* Info.plist */ = {isa = PBXFileReference; lastKnownFileType = text.plist.xml; path = Info.plist; sourceTree = "<group>"; };
		9D6D823D26DBFDB600509AE3 /* GoogleService-Info.plist */ = {isa = PBXFileReference; fileEncoding = 4; lastKnownFileType = text.plist.xml; path = "GoogleService-Info.plist"; sourceTree = "<group>"; };
		9D6D829326DC1F0D00509AE3 /* SignUp.swift */ = {isa = PBXFileReference; lastKnownFileType = sourcecode.swift; path = SignUp.swift; sourceTree = "<group>"; };
		9D6D829C26DC291F00509AE3 /* marvelapp.entitlements */ = {isa = PBXFileReference; lastKnownFileType = text.plist.entitlements; path = marvelapp.entitlements; sourceTree = "<group>"; };
		9D6D839826DD8BD700509AE3 /* CharactersViewController.swift */ = {isa = PBXFileReference; lastKnownFileType = sourcecode.swift; path = CharactersViewController.swift; sourceTree = "<group>"; };
		9D6D839926DD8BD700509AE3 /* CharactersViewController.xib */ = {isa = PBXFileReference; lastKnownFileType = file.xib; path = CharactersViewController.xib; sourceTree = "<group>"; };
		9D6D839E26DD8BF300509AE3 /* EventsViewController.swift */ = {isa = PBXFileReference; lastKnownFileType = sourcecode.swift; path = EventsViewController.swift; sourceTree = "<group>"; };
		9D6D839F26DD8BF300509AE3 /* EventsViewController.xib */ = {isa = PBXFileReference; lastKnownFileType = file.xib; path = EventsViewController.xib; sourceTree = "<group>"; };
		9D6D83A426DD921B00509AE3 /* HomeViewController.swift */ = {isa = PBXFileReference; lastKnownFileType = sourcecode.swift; path = HomeViewController.swift; sourceTree = "<group>"; };
		9DBD6BB126E1847800508AC9 /* ScreenSize.swift */ = {isa = PBXFileReference; lastKnownFileType = sourcecode.swift; path = ScreenSize.swift; sourceTree = "<group>"; };
		9DBD6BB526E186C100508AC9 /* CharacterDetailViewController.swift */ = {isa = PBXFileReference; lastKnownFileType = sourcecode.swift; path = CharacterDetailViewController.swift; sourceTree = "<group>"; };
		9DBD6BB626E186C100508AC9 /* CharacterDetailViewController.xib */ = {isa = PBXFileReference; lastKnownFileType = file.xib; path = CharacterDetailViewController.xib; sourceTree = "<group>"; };
		9DBD6BBA26E186DC00508AC9 /* CharacterDetailViewModel.swift */ = {isa = PBXFileReference; lastKnownFileType = sourcecode.swift; path = CharacterDetailViewModel.swift; sourceTree = "<group>"; };
		9DBD6BBE26E1972300508AC9 /* ComicAppearanceCell.swift */ = {isa = PBXFileReference; lastKnownFileType = sourcecode.swift; path = ComicAppearanceCell.swift; sourceTree = "<group>"; };
		9DBD6BBF26E1972300508AC9 /* ComicAppearanceCell.xib */ = {isa = PBXFileReference; lastKnownFileType = file.xib; path = ComicAppearanceCell.xib; sourceTree = "<group>"; };
		9DBD6BC426E19DE000508AC9 /* Comic.swift */ = {isa = PBXFileReference; lastKnownFileType = sourcecode.swift; path = Comic.swift; sourceTree = "<group>"; };
		C1D0F4685E0355E458B1D27C /* Pods_marvelapp.framework */ = {isa = PBXFileReference; explicitFileType = wrapper.framework; includeInIndex = 0; path = Pods_marvelapp.framework; sourceTree = BUILT_PRODUCTS_DIR; };
/* End PBXFileReference section */

/* Begin PBXFrameworksBuildPhase section */
		9D6D822126DBFC1800509AE3 /* Frameworks */ = {
			isa = PBXFrameworksBuildPhase;
			buildActionMask = 2147483647;
			files = (
				2038DAAECF9813F8E17797DB /* Pods_marvelapp.framework in Frameworks */,
			);
			runOnlyForDeploymentPostprocessing = 0;
		};
/* End PBXFrameworksBuildPhase section */

/* Begin PBXGroup section */
		83C94D00A5099E85BFA9741B /* Frameworks */ = {
			isa = PBXGroup;
			children = (
				C1D0F4685E0355E458B1D27C /* Pods_marvelapp.framework */,
			);
			name = Frameworks;
			sourceTree = "<group>";
		};
		8668AF9D3DB1B57A03B6B9EA /* Pods */ = {
			isa = PBXGroup;
			children = (
				5301A614DF0FC9E9F5E36448 /* Pods-marvelapp.debug.xcconfig */,
				443AC02D29EFC4F4665F343C /* Pods-marvelapp.release.xcconfig */,
			);
			path = Pods;
			sourceTree = "<group>";
		};
		9D1D0FA526E27A24008DF2CA /* Models */ = {
			isa = PBXGroup;
			children = (
				9DBD6BC426E19DE000508AC9 /* Comic.swift */,
				9D4E9CBD26DFC79600E97AA1 /* Image.swift */,
				9D4E9CBA26DFC11500E97AA1 /* Character.swift */,
				9D1D0FFC26E2A605008DF2CA /* Event.swift */,
			);
			path = Models;
			sourceTree = "<group>";
		};
		9D1D0FA626E27A3F008DF2CA /* Common */ = {
			isa = PBXGroup;
			children = (
				9D6D822726DBFC1800509AE3 /* AppDelegate.swift */,
				9D6D822926DBFC1800509AE3 /* SceneDelegate.swift */,
				9D6D822D26DBFC1800509AE3 /* Main.storyboard */,
				9D6D823226DBFC1900509AE3 /* LaunchScreen.storyboard */,
			);
			path = Common;
			sourceTree = "<group>";
		};
		9D1D101F26E3CE06008DF2CA /* EventDetail */ = {
			isa = PBXGroup;
			children = (
				9D1D102126E3CE8C008DF2CA /* EventDetailViewController.swift */,
				9D1D102226E3CE8C008DF2CA /* EventDetailViewController.xib */,
				9D1D102726E3D6AB008DF2CA /* EventDetailViewModel.swift */,
			);
			path = EventDetail;
			sourceTree = "<group>";
		};
		9D1D102C26E3F232008DF2CA /* Login */ = {
			isa = PBXGroup;
			children = (
				9D1D102D26E3F27D008DF2CA /* LogOutViewController.swift */,
				9D1D102E26E3F27D008DF2CA /* LogOutViewController.xib */,
			);
			path = Login;
			sourceTree = "<group>";
		};
		9D307F7626DE78CE006C1EC5 /* CharacterCell */ = {
			isa = PBXGroup;
			children = (
				9D307F7726DE78EE006C1EC5 /* CharacterCell.swift */,
				9D307F7826DE78EE006C1EC5 /* CharacterCell.xib */,
			);
			path = CharacterCell;
			sourceTree = "<group>";
		};
		9D4E9CA026DFB19B00E97AA1 /* NetworkLayer */ = {
			isa = PBXGroup;
			children = (
				9D4E9CA126DFB1AD00E97AA1 /* MarvelAPI.swift */,
				9D4E9CC326E01B2000E97AA1 /* MarvelResponse.swift */,
				9D4E9CD026E0287D00E97AA1 /* MarvelAPIClient.swift */,
			);
			path = NetworkLayer;
			sourceTree = "<group>";
		};
		9D4E9CC626E0278800E97AA1 /* Utils */ = {
			isa = PBXGroup;
			children = (
				9D4E9CC726E027A400E97AA1 /* md5.swift */,
				9D4E9CCA26E027EF00E97AA1 /* URLQueryItemEncoder.swift */,
				9D4E9CCD26E0281800E97AA1 /* HTTPParameter.swift */,
				9D4E9CD726E109D700E97AA1 /* Extension+UIImageView.swift */,
				9DBD6BB126E1847800508AC9 /* ScreenSize.swift */,
				9D1D0FF826E29F9D008DF2CA /* Date+Extension.swift */,
			);
			path = Utils;
			sourceTree = "<group>";
		};
		9D6D821B26DBFC1800509AE3 = {
			isa = PBXGroup;
			children = (
				9D6D822626DBFC1800509AE3 /* marvelapp */,
				9D6D822526DBFC1800509AE3 /* Products */,
				8668AF9D3DB1B57A03B6B9EA /* Pods */,
				83C94D00A5099E85BFA9741B /* Frameworks */,
			);
			sourceTree = "<group>";
		};
		9D6D822526DBFC1800509AE3 /* Products */ = {
			isa = PBXGroup;
			children = (
				9D6D822426DBFC1800509AE3 /* marvelapp.app */,
			);
			name = Products;
			sourceTree = "<group>";
		};
		9D6D822626DBFC1800509AE3 /* marvelapp */ = {
			isa = PBXGroup;
			children = (
				9D1D102C26E3F232008DF2CA /* Login */,
				9D1D101F26E3CE06008DF2CA /* EventDetail */,
				9D1D0FA626E27A3F008DF2CA /* Common */,
				9D4E9CC626E0278800E97AA1 /* Utils */,
				9DBD6BBD26E1963000508AC9 /* ComicAppearanceCell */,
				9D4E9CA026DFB19B00E97AA1 /* NetworkLayer */,
				9D6D839D26DD8BE500509AE3 /* Events */,
				9D6D839726DD8BBB00509AE3 /* Characters */,
				9DBD6BB426E1869C00508AC9 /* CharacterDetail */,
				9D6D839026DD307C00509AE3 /* HomeScreen */,
				9D6D829226DC1EF700509AE3 /* Register */,
				9D1D0FA526E27A24008DF2CA /* Models */,
				9D307F8226DE8D92006C1EC5 /* CellConfiguration.swift */,
				9D6D822B26DBFC1800509AE3 /* LoginViewController.swift */,
				9D1D0FAB26E27E59008DF2CA /* EventCharacterConfigurations.swift */,
				9D307FB726DEB88F006C1EC5 /* DataManager.swift */,
				9D6D823026DBFC1900509AE3 /* Assets.xcassets */,
				9D6D823526DBFC1900509AE3 /* Info.plist */,
				9D6D823D26DBFDB600509AE3 /* GoogleService-Info.plist */,
				9D6D829C26DC291F00509AE3 /* marvelapp.entitlements */,
				9D4E9CD326E0F71E00E97AA1 /* ViewControllerFactory.swift */,
			);
			path = marvelapp;
			sourceTree = "<group>";
		};
		9D6D829226DC1EF700509AE3 /* Register */ = {
			isa = PBXGroup;
			children = (
				9D6D829326DC1F0D00509AE3 /* SignUp.swift */,
			);
			path = Register;
			sourceTree = "<group>";
		};
		9D6D839026DD307C00509AE3 /* HomeScreen */ = {
			isa = PBXGroup;
			children = (
				9D6D83A426DD921B00509AE3 /* HomeViewController.swift */,
			);
			path = HomeScreen;
			sourceTree = "<group>";
		};
		9D6D839726DD8BBB00509AE3 /* Characters */ = {
			isa = PBXGroup;
			children = (
				9D307F7626DE78CE006C1EC5 /* CharacterCell */,
				9D6D839826DD8BD700509AE3 /* CharactersViewController.swift */,
				9D6D839926DD8BD700509AE3 /* CharactersViewController.xib */,
				9D307F7C26DE8B05006C1EC5 /* CharactersViewModel.swift */,
			);
			path = Characters;
			sourceTree = "<group>";
		};
		9D6D839D26DD8BE500509AE3 /* Events */ = {
			isa = PBXGroup;
			children = (
				9D6D839E26DD8BF300509AE3 /* EventsViewController.swift */,
				9D6D839F26DD8BF300509AE3 /* EventsViewController.xib */,
				9D1D0FFF26E2AB22008DF2CA /* EventsViewModel.swift */,
			);
			path = Events;
			sourceTree = "<group>";
		};
		9DBD6BB426E1869C00508AC9 /* CharacterDetail */ = {
			isa = PBXGroup;
			children = (
				9DBD6BB526E186C100508AC9 /* CharacterDetailViewController.swift */,
				9DBD6BB626E186C100508AC9 /* CharacterDetailViewController.xib */,
				9DBD6BBA26E186DC00508AC9 /* CharacterDetailViewModel.swift */,
			);
			path = CharacterDetail;
			sourceTree = "<group>";
		};
		9DBD6BBD26E1963000508AC9 /* ComicAppearanceCell */ = {
			isa = PBXGroup;
			children = (
				9DBD6BBE26E1972300508AC9 /* ComicAppearanceCell.swift */,
				9DBD6BBF26E1972300508AC9 /* ComicAppearanceCell.xib */,
			);
			path = ComicAppearanceCell;
			sourceTree = "<group>";
		};
/* End PBXGroup section */

/* Begin PBXNativeTarget section */
		9D6D822326DBFC1800509AE3 /* marvelapp */ = {
			isa = PBXNativeTarget;
			buildConfigurationList = 9D6D823826DBFC1900509AE3 /* Build configuration list for PBXNativeTarget "marvelapp" */;
			buildPhases = (
				46DCB81F6DA565649ED4A04E /* [CP] Check Pods Manifest.lock */,
				9D6D822026DBFC1800509AE3 /* Sources */,
				9D6D822126DBFC1800509AE3 /* Frameworks */,
				9D6D822226DBFC1800509AE3 /* Resources */,
				A2CB945C5707A128750BAF33 /* [CP] Embed Pods Frameworks */,
			);
			buildRules = (
			);
			dependencies = (
			);
			name = marvelapp;
			productName = marvelapp;
			productReference = 9D6D822426DBFC1800509AE3 /* marvelapp.app */;
			productType = "com.apple.product-type.application";
		};
/* End PBXNativeTarget section */

/* Begin PBXProject section */
		9D6D821C26DBFC1800509AE3 /* Project object */ = {
			isa = PBXProject;
			attributes = {
				LastSwiftUpdateCheck = 1240;
				LastUpgradeCheck = 1240;
				TargetAttributes = {
					9D6D822326DBFC1800509AE3 = {
						CreatedOnToolsVersion = 12.4;
					};
				};
			};
			buildConfigurationList = 9D6D821F26DBFC1800509AE3 /* Build configuration list for PBXProject "marvelapp" */;
			compatibilityVersion = "Xcode 9.3";
			developmentRegion = en;
			hasScannedForEncodings = 0;
			knownRegions = (
				en,
				Base,
			);
			mainGroup = 9D6D821B26DBFC1800509AE3;
			productRefGroup = 9D6D822526DBFC1800509AE3 /* Products */;
			projectDirPath = "";
			projectRoot = "";
			targets = (
				9D6D822326DBFC1800509AE3 /* marvelapp */,
			);
		};
/* End PBXProject section */

/* Begin PBXResourcesBuildPhase section */
		9D6D822226DBFC1800509AE3 /* Resources */ = {
			isa = PBXResourcesBuildPhase;
			buildActionMask = 2147483647;
			files = (
				9D1D103026E3F27D008DF2CA /* LogOutViewController.xib in Resources */,
				9D1D102426E3CE8C008DF2CA /* EventDetailViewController.xib in Resources */,
				9D307F7A26DE78EE006C1EC5 /* CharacterCell.xib in Resources */,
				9D6D839B26DD8BD700509AE3 /* CharactersViewController.xib in Resources */,
				9D6D83A126DD8BF300509AE3 /* EventsViewController.xib in Resources */,
				9DBD6BB826E186C100508AC9 /* CharacterDetailViewController.xib in Resources */,
				9D6D823426DBFC1900509AE3 /* LaunchScreen.storyboard in Resources */,
				9D6D823E26DBFDB600509AE3 /* GoogleService-Info.plist in Resources */,
				9DBD6BC126E1972300508AC9 /* ComicAppearanceCell.xib in Resources */,
				9D6D823126DBFC1900509AE3 /* Assets.xcassets in Resources */,
				9D6D822F26DBFC1800509AE3 /* Main.storyboard in Resources */,
			);
			runOnlyForDeploymentPostprocessing = 0;
		};
/* End PBXResourcesBuildPhase section */

/* Begin PBXShellScriptBuildPhase section */
		46DCB81F6DA565649ED4A04E /* [CP] Check Pods Manifest.lock */ = {
			isa = PBXShellScriptBuildPhase;
			buildActionMask = 2147483647;
			files = (
			);
			inputFileListPaths = (
			);
			inputPaths = (
				"${PODS_PODFILE_DIR_PATH}/Podfile.lock",
				"${PODS_ROOT}/Manifest.lock",
			);
			name = "[CP] Check Pods Manifest.lock";
			outputFileListPaths = (
			);
			outputPaths = (
				"$(DERIVED_FILE_DIR)/Pods-marvelapp-checkManifestLockResult.txt",
			);
			runOnlyForDeploymentPostprocessing = 0;
			shellPath = /bin/sh;
			shellScript = "diff \"${PODS_PODFILE_DIR_PATH}/Podfile.lock\" \"${PODS_ROOT}/Manifest.lock\" > /dev/null\nif [ $? != 0 ] ; then\n    # print error to STDERR\n    echo \"error: The sandbox is not in sync with the Podfile.lock. Run 'pod install' or update your CocoaPods installation.\" >&2\n    exit 1\nfi\n# This output is used by Xcode 'outputs' to avoid re-running this script phase.\necho \"SUCCESS\" > \"${SCRIPT_OUTPUT_FILE_0}\"\n";
			showEnvVarsInLog = 0;
		};
		A2CB945C5707A128750BAF33 /* [CP] Embed Pods Frameworks */ = {
			isa = PBXShellScriptBuildPhase;
			buildActionMask = 2147483647;
			files = (
			);
			inputFileListPaths = (
				"${PODS_ROOT}/Target Support Files/Pods-marvelapp/Pods-marvelapp-frameworks-${CONFIGURATION}-input-files.xcfilelist",
			);
			name = "[CP] Embed Pods Frameworks";
			outputFileListPaths = (
				"${PODS_ROOT}/Target Support Files/Pods-marvelapp/Pods-marvelapp-frameworks-${CONFIGURATION}-output-files.xcfilelist",
			);
			runOnlyForDeploymentPostprocessing = 0;
			shellPath = /bin/sh;
			shellScript = "\"${PODS_ROOT}/Target Support Files/Pods-marvelapp/Pods-marvelapp-frameworks.sh\"\n";
			showEnvVarsInLog = 0;
		};
/* End PBXShellScriptBuildPhase section */

/* Begin PBXSourcesBuildPhase section */
		9D6D822026DBFC1800509AE3 /* Sources */ = {
			isa = PBXSourcesBuildPhase;
			buildActionMask = 2147483647;
			files = (
				9D4E9CC826E027A400E97AA1 /* md5.swift in Sources */,
				9D4E9CD126E0287D00E97AA1 /* MarvelAPIClient.swift in Sources */,
				9D6D839A26DD8BD700509AE3 /* CharactersViewController.swift in Sources */,
				9DBD6BB226E1847800508AC9 /* ScreenSize.swift in Sources */,
				9D1D0FFD26E2A606008DF2CA /* Event.swift in Sources */,
				9D1D102826E3D6AB008DF2CA /* EventDetailViewModel.swift in Sources */,
				9D6D83A026DD8BF300509AE3 /* EventsViewController.swift in Sources */,
				9D1D100026E2AB22008DF2CA /* EventsViewModel.swift in Sources */,
				9D4E9CD826E109D700E97AA1 /* Extension+UIImageView.swift in Sources */,
				9D4E9CBB26DFC11500E97AA1 /* Character.swift in Sources */,
				9DBD6BBB26E186DC00508AC9 /* CharacterDetailViewModel.swift in Sources */,
				9D307F8326DE8D92006C1EC5 /* CellConfiguration.swift in Sources */,
				9DBD6BC026E1972300508AC9 /* ComicAppearanceCell.swift in Sources */,
				9D6D822C26DBFC1800509AE3 /* LoginViewController.swift in Sources */,
				9D4E9CA226DFB1AD00E97AA1 /* MarvelAPI.swift in Sources */,
				9D1D102F26E3F27D008DF2CA /* LogOutViewController.swift in Sources */,
				9D1D102326E3CE8C008DF2CA /* EventDetailViewController.swift in Sources */,
				9D307F7926DE78EE006C1EC5 /* CharacterCell.swift in Sources */,
				9D307F7D26DE8B05006C1EC5 /* CharactersViewModel.swift in Sources */,
				9D4E9CC426E01B2000E97AA1 /* MarvelResponse.swift in Sources */,
				9DBD6BB726E186C100508AC9 /* CharacterDetailViewController.swift in Sources */,
				9D1D0FF926E29F9D008DF2CA /* Date+Extension.swift in Sources */,
				9DBD6BC526E19DE000508AC9 /* Comic.swift in Sources */,
				9D4E9CCE26E0281800E97AA1 /* HTTPParameter.swift in Sources */,
				9D1D0FAC26E27E59008DF2CA /* EventCharacterConfigurations.swift in Sources */,
				9D4E9CBE26DFC79600E97AA1 /* Image.swift in Sources */,
				9D6D822826DBFC1800509AE3 /* AppDelegate.swift in Sources */,
				9D6D83A626DD921B00509AE3 /* HomeViewController.swift in Sources */,
				9D6D829426DC1F0D00509AE3 /* SignUp.swift in Sources */,
				9D307FB826DEB88F006C1EC5 /* DataManager.swift in Sources */,
				9D4E9CCB26E027EF00E97AA1 /* URLQueryItemEncoder.swift in Sources */,
				9D6D822A26DBFC1800509AE3 /* SceneDelegate.swift in Sources */,
				9D4E9CD426E0F71E00E97AA1 /* ViewControllerFactory.swift in Sources */,
			);
			runOnlyForDeploymentPostprocessing = 0;
		};
/* End PBXSourcesBuildPhase section */

/* Begin PBXVariantGroup section */
		9D6D822D26DBFC1800509AE3 /* Main.storyboard */ = {
			isa = PBXVariantGroup;
			children = (
				9D6D822E26DBFC1800509AE3 /* Base */,
			);
			name = Main.storyboard;
			sourceTree = "<group>";
		};
		9D6D823226DBFC1900509AE3 /* LaunchScreen.storyboard */ = {
			isa = PBXVariantGroup;
			children = (
				9D6D823326DBFC1900509AE3 /* Base */,
			);
			name = LaunchScreen.storyboard;
			sourceTree = "<group>";
		};
/* End PBXVariantGroup section */

/* Begin XCBuildConfiguration section */
		9D6D823626DBFC1900509AE3 /* Debug */ = {
			isa = XCBuildConfiguration;
			buildSettings = {
				ALWAYS_SEARCH_USER_PATHS = NO;
				CLANG_ANALYZER_NONNULL = YES;
				CLANG_ANALYZER_NUMBER_OBJECT_CONVERSION = YES_AGGRESSIVE;
				CLANG_CXX_LANGUAGE_STANDARD = "gnu++14";
				CLANG_CXX_LIBRARY = "libc++";
				CLANG_ENABLE_MODULES = YES;
				CLANG_ENABLE_OBJC_ARC = YES;
				CLANG_ENABLE_OBJC_WEAK = YES;
				CLANG_WARN_BLOCK_CAPTURE_AUTORELEASING = YES;
				CLANG_WARN_BOOL_CONVERSION = YES;
				CLANG_WARN_COMMA = YES;
				CLANG_WARN_CONSTANT_CONVERSION = YES;
				CLANG_WARN_DEPRECATED_OBJC_IMPLEMENTATIONS = YES;
				CLANG_WARN_DIRECT_OBJC_ISA_USAGE = YES_ERROR;
				CLANG_WARN_DOCUMENTATION_COMMENTS = YES;
				CLANG_WARN_EMPTY_BODY = YES;
				CLANG_WARN_ENUM_CONVERSION = YES;
				CLANG_WARN_INFINITE_RECURSION = YES;
				CLANG_WARN_INT_CONVERSION = YES;
				CLANG_WARN_NON_LITERAL_NULL_CONVERSION = YES;
				CLANG_WARN_OBJC_IMPLICIT_RETAIN_SELF = YES;
				CLANG_WARN_OBJC_LITERAL_CONVERSION = YES;
				CLANG_WARN_OBJC_ROOT_CLASS = YES_ERROR;
				CLANG_WARN_QUOTED_INCLUDE_IN_FRAMEWORK_HEADER = YES;
				CLANG_WARN_RANGE_LOOP_ANALYSIS = YES;
				CLANG_WARN_STRICT_PROTOTYPES = YES;
				CLANG_WARN_SUSPICIOUS_MOVE = YES;
				CLANG_WARN_UNGUARDED_AVAILABILITY = YES_AGGRESSIVE;
				CLANG_WARN_UNREACHABLE_CODE = YES;
				CLANG_WARN__DUPLICATE_METHOD_MATCH = YES;
				COPY_PHASE_STRIP = NO;
				DEBUG_INFORMATION_FORMAT = dwarf;
				ENABLE_STRICT_OBJC_MSGSEND = YES;
				ENABLE_TESTABILITY = YES;
				GCC_C_LANGUAGE_STANDARD = gnu11;
				GCC_DYNAMIC_NO_PIC = NO;
				GCC_NO_COMMON_BLOCKS = YES;
				GCC_OPTIMIZATION_LEVEL = 0;
				GCC_PREPROCESSOR_DEFINITIONS = (
					"DEBUG=1",
					"$(inherited)",
				);
				GCC_WARN_64_TO_32_BIT_CONVERSION = YES;
				GCC_WARN_ABOUT_RETURN_TYPE = YES_ERROR;
				GCC_WARN_UNDECLARED_SELECTOR = YES;
				GCC_WARN_UNINITIALIZED_AUTOS = YES_AGGRESSIVE;
				GCC_WARN_UNUSED_FUNCTION = YES;
				GCC_WARN_UNUSED_VARIABLE = YES;
				IPHONEOS_DEPLOYMENT_TARGET = 14.4;
				MTL_ENABLE_DEBUG_INFO = INCLUDE_SOURCE;
				MTL_FAST_MATH = YES;
				ONLY_ACTIVE_ARCH = YES;
				SDKROOT = iphoneos;
				SWIFT_ACTIVE_COMPILATION_CONDITIONS = DEBUG;
				SWIFT_OPTIMIZATION_LEVEL = "-Onone";
			};
			name = Debug;
		};
		9D6D823726DBFC1900509AE3 /* Release */ = {
			isa = XCBuildConfiguration;
			buildSettings = {
				ALWAYS_SEARCH_USER_PATHS = NO;
				CLANG_ANALYZER_NONNULL = YES;
				CLANG_ANALYZER_NUMBER_OBJECT_CONVERSION = YES_AGGRESSIVE;
				CLANG_CXX_LANGUAGE_STANDARD = "gnu++14";
				CLANG_CXX_LIBRARY = "libc++";
				CLANG_ENABLE_MODULES = YES;
				CLANG_ENABLE_OBJC_ARC = YES;
				CLANG_ENABLE_OBJC_WEAK = YES;
				CLANG_WARN_BLOCK_CAPTURE_AUTORELEASING = YES;
				CLANG_WARN_BOOL_CONVERSION = YES;
				CLANG_WARN_COMMA = YES;
				CLANG_WARN_CONSTANT_CONVERSION = YES;
				CLANG_WARN_DEPRECATED_OBJC_IMPLEMENTATIONS = YES;
				CLANG_WARN_DIRECT_OBJC_ISA_USAGE = YES_ERROR;
				CLANG_WARN_DOCUMENTATION_COMMENTS = YES;
				CLANG_WARN_EMPTY_BODY = YES;
				CLANG_WARN_ENUM_CONVERSION = YES;
				CLANG_WARN_INFINITE_RECURSION = YES;
				CLANG_WARN_INT_CONVERSION = YES;
				CLANG_WARN_NON_LITERAL_NULL_CONVERSION = YES;
				CLANG_WARN_OBJC_IMPLICIT_RETAIN_SELF = YES;
				CLANG_WARN_OBJC_LITERAL_CONVERSION = YES;
				CLANG_WARN_OBJC_ROOT_CLASS = YES_ERROR;
				CLANG_WARN_QUOTED_INCLUDE_IN_FRAMEWORK_HEADER = YES;
				CLANG_WARN_RANGE_LOOP_ANALYSIS = YES;
				CLANG_WARN_STRICT_PROTOTYPES = YES;
				CLANG_WARN_SUSPICIOUS_MOVE = YES;
				CLANG_WARN_UNGUARDED_AVAILABILITY = YES_AGGRESSIVE;
				CLANG_WARN_UNREACHABLE_CODE = YES;
				CLANG_WARN__DUPLICATE_METHOD_MATCH = YES;
				COPY_PHASE_STRIP = NO;
				DEBUG_INFORMATION_FORMAT = "dwarf-with-dsym";
				ENABLE_NS_ASSERTIONS = NO;
				ENABLE_STRICT_OBJC_MSGSEND = YES;
				GCC_C_LANGUAGE_STANDARD = gnu11;
				GCC_NO_COMMON_BLOCKS = YES;
				GCC_WARN_64_TO_32_BIT_CONVERSION = YES;
				GCC_WARN_ABOUT_RETURN_TYPE = YES_ERROR;
				GCC_WARN_UNDECLARED_SELECTOR = YES;
				GCC_WARN_UNINITIALIZED_AUTOS = YES_AGGRESSIVE;
				GCC_WARN_UNUSED_FUNCTION = YES;
				GCC_WARN_UNUSED_VARIABLE = YES;
				IPHONEOS_DEPLOYMENT_TARGET = 14.4;
				MTL_ENABLE_DEBUG_INFO = NO;
				MTL_FAST_MATH = YES;
				SDKROOT = iphoneos;
				SWIFT_COMPILATION_MODE = wholemodule;
				SWIFT_OPTIMIZATION_LEVEL = "-O";
				VALIDATE_PRODUCT = YES;
			};
			name = Release;
		};
		9D6D823926DBFC1900509AE3 /* Debug */ = {
			isa = XCBuildConfiguration;
			baseConfigurationReference = 5301A614DF0FC9E9F5E36448 /* Pods-marvelapp.debug.xcconfig */;
			buildSettings = {
				ASSETCATALOG_COMPILER_APPICON_NAME = AppIcon;
				ASSETCATALOG_COMPILER_GLOBAL_ACCENT_COLOR_NAME = AccentColor;
				CODE_SIGN_ENTITLEMENTS = marvelapp/marvelapp.entitlements;
				CODE_SIGN_STYLE = Automatic;
				DEVELOPMENT_TEAM = BFGQ2HMHWC;
				INFOPLIST_FILE = marvelapp/Info.plist;
				LD_RUNPATH_SEARCH_PATHS = (
					"$(inherited)",
					"@executable_path/Frameworks",
				);
				PRODUCT_BUNDLE_IDENTIFIER = com.julpar.marvelapp;
				PRODUCT_NAME = "$(TARGET_NAME)";
				SWIFT_VERSION = 5.0;
				TARGETED_DEVICE_FAMILY = "1,2";
			};
			name = Debug;
		};
		9D6D823A26DBFC1900509AE3 /* Release */ = {
			isa = XCBuildConfiguration;
			baseConfigurationReference = 443AC02D29EFC4F4665F343C /* Pods-marvelapp.release.xcconfig */;
			buildSettings = {
				ASSETCATALOG_COMPILER_APPICON_NAME = AppIcon;
				ASSETCATALOG_COMPILER_GLOBAL_ACCENT_COLOR_NAME = AccentColor;
				CODE_SIGN_ENTITLEMENTS = marvelapp/marvelapp.entitlements;
				CODE_SIGN_STYLE = Automatic;
				DEVELOPMENT_TEAM = BFGQ2HMHWC;
				INFOPLIST_FILE = marvelapp/Info.plist;
				LD_RUNPATH_SEARCH_PATHS = (
					"$(inherited)",
					"@executable_path/Frameworks",
				);
				PRODUCT_BUNDLE_IDENTIFIER = com.julpar.marvelapp;
				PRODUCT_NAME = "$(TARGET_NAME)";
				SWIFT_VERSION = 5.0;
				TARGETED_DEVICE_FAMILY = "1,2";
			};
			name = Release;
		};
/* End XCBuildConfiguration section */

/* Begin XCConfigurationList section */
		9D6D821F26DBFC1800509AE3 /* Build configuration list for PBXProject "marvelapp" */ = {
			isa = XCConfigurationList;
			buildConfigurations = (
				9D6D823626DBFC1900509AE3 /* Debug */,
				9D6D823726DBFC1900509AE3 /* Release */,
			);
			defaultConfigurationIsVisible = 0;
			defaultConfigurationName = Release;
		};
		9D6D823826DBFC1900509AE3 /* Build configuration list for PBXNativeTarget "marvelapp" */ = {
			isa = XCConfigurationList;
			buildConfigurations = (
				9D6D823926DBFC1900509AE3 /* Debug */,
				9D6D823A26DBFC1900509AE3 /* Release */,
			);
			defaultConfigurationIsVisible = 0;
			defaultConfigurationName = Release;
		};
/* End XCConfigurationList section */
	};
	rootObject = 9D6D821C26DBFC1800509AE3 /* Project object */;
}
